
Microsoft Visual Studio Solution File, Format Version 12.00
# Visual Studio Version 17
VisualStudioVersion = 17.2.32630.192
MinimumVisualStudioVersion = 10.0.40219.1
Project("{8BC9CEB8-8B4A-11D0-8D11-00A0C91BC942}") = "Chapter6_Demo2", "Chapter6_Demo2\Chapter6_Demo2.vcxproj", "{3AF84701-2147-449B-8026-2271CC014152}"
EndProject
Global
	GlobalSection(SolutionConfigurationPlatforms) = preSolution
		Debug|x64 = Debug|x64
		Debug|x86 = Debug|x86
		Release|x64 = Release|x64
		Release|x86 = Release|x86
	EndGlobalSection
	GlobalSection(ProjectConfigurationPlatforms) = postSolution
		{3AF84701-2147-449B-8026-2271CC014152}.Debug|x64.ActiveCfg = Debug|x64
		{3AF84701-2147-449B-8026-2271CC014152}.Debug|x64.Build.0 = Debug|x64
		{3AF84701-2147-449B-8026-2271CC014152}.Debug|x86.ActiveCfg = Debug|Win32
		{3AF84701-2147-449B-8026-2271CC014152}.Debug|x86.Build.0 = Debug|Win32
		{3AF84701-2147-449B-8026-2271CC014152}.Release|x64.ActiveCfg = Release|x64
		{3AF84701-2147-449B-8026-2271CC014152}.Release|x64.Build.0 = Release|x64
		{3AF84701-2147-449B-8026-2271CC014152}.Release|x86.ActiveCfg = Release|Win32
		{3AF84701-2147-449B-8026-2271CC014152}.Release|x86.Build.0 = Release|Win32
	EndGlobalSection
	GlobalSection(SolutionProperties) = preSolution
		HideSolutionNode = FALSE
	EndGlobalSection
	GlobalSection(ExtensibilityGlobals) = postSolution
		SolutionGuid = {B75E8735-609C-4C96-AFAE-35D6404B47FF}
	EndGlobalSection
EndGlobal
